
Microsoft Visual Studio Solution File, Format Version 12.00
# Visual Studio Version 17
VisualStudioVersion = 17.11.35312.102
MinimumVisualStudioVersion = 10.0.40219.1
Project("{9A19103F-16F7-4668-BE54-9A1E7A4F7556}") = "Clase1Escritorio", "Clase1Escritorio\Clase1Escritorio.csproj", "{0AB53CEC-C0DE-40C5-B28D-42EDA4641A1F}"
EndProject
Project("{9A19103F-16F7-4668-BE54-9A1E7A4F7556}") = "Clase1Consola", "Clase1Consola\Clase1Consola.csproj", "{B516C09C-1ADD-406D-BBC6-D20AF4B533E7}"
EndProject
Project("{9A19103F-16F7-4668-BE54-9A1E7A4F7556}") = "Clase3Escritorio", "Clase3Escritorio\Clase3Escritorio.csproj", "{84BF7844-814D-4DB4-B19C-40142130F058}"
EndProject
Project("{9A19103F-16F7-4668-BE54-9A1E7A4F7556}") = "Clase4Escritorio", "Clase4Escritorio\Clase4Escritorio.csproj", "{F1899FE1-F62D-44BF-82D0-4DA9E95AEE72}"
EndProject
Project("{9A19103F-16F7-4668-BE54-9A1E7A4F7556}") = "Clase4Consola", "Clase4Consola\Clase4Consola.csproj", "{8AA81304-C1CD-4659-9590-C8AFCABE0FE5}"
EndProject
Project("{9A19103F-16F7-4668-BE54-9A1E7A4F7556}") = "Clase5Consola", "Clase5Consola\Clase5Consola.csproj", "{345B047B-9488-426B-8299-8EAF9935D436}"
EndProject
Project("{9A19103F-16F7-4668-BE54-9A1E7A4F7556}") = "Clase6Consola", "Clase6Consola\Clase6Consola.csproj", "{3318B61E-6BD3-440A-A0FF-14ED9B69FD53}"
EndProject
Project("{FAE04EC0-301F-11D3-BF4B-00C04F79EFBC}") = "Clase7Consola", "Clase7Consola\Clase7Consola.csproj", "{0AF68A0F-2B3C-4FC5-89D8-94F4807C55E1}"
EndProject
Global
	GlobalSection(SolutionConfigurationPlatforms) = preSolution
		Debug|Any CPU = Debug|Any CPU
		Release|Any CPU = Release|Any CPU
	EndGlobalSection
	GlobalSection(ProjectConfigurationPlatforms) = postSolution
		{0AB53CEC-C0DE-40C5-B28D-42EDA4641A1F}.Debug|Any CPU.ActiveCfg = Debug|Any CPU
		{0AB53CEC-C0DE-40C5-B28D-42EDA4641A1F}.Debug|Any CPU.Build.0 = Debug|Any CPU
		{0AB53CEC-C0DE-40C5-B28D-42EDA4641A1F}.Release|Any CPU.ActiveCfg = Release|Any CPU
		{0AB53CEC-C0DE-40C5-B28D-42EDA4641A1F}.Release|Any CPU.Build.0 = Release|Any CPU
		{B516C09C-1ADD-406D-BBC6-D20AF4B533E7}.Debug|Any CPU.ActiveCfg = Debug|Any CPU
		{B516C09C-1ADD-406D-BBC6-D20AF4B533E7}.Debug|Any CPU.Build.0 = Debug|Any CPU
		{B516C09C-1ADD-406D-BBC6-D20AF4B533E7}.Release|Any CPU.ActiveCfg = Release|Any CPU
		{B516C09C-1ADD-406D-BBC6-D20AF4B533E7}.Release|Any CPU.Build.0 = Release|Any CPU
		{84BF7844-814D-4DB4-B19C-40142130F058}.Debug|Any CPU.ActiveCfg = Debug|Any CPU
		{84BF7844-814D-4DB4-B19C-40142130F058}.Debug|Any CPU.Build.0 = Debug|Any CPU
		{84BF7844-814D-4DB4-B19C-40142130F058}.Release|Any CPU.ActiveCfg = Release|Any CPU
		{84BF7844-814D-4DB4-B19C-40142130F058}.Release|Any CPU.Build.0 = Release|Any CPU
		{F1899FE1-F62D-44BF-82D0-4DA9E95AEE72}.Debug|Any CPU.ActiveCfg = Debug|Any CPU
		{F1899FE1-F62D-44BF-82D0-4DA9E95AEE72}.Debug|Any CPU.Build.0 = Debug|Any CPU
		{F1899FE1-F62D-44BF-82D0-4DA9E95AEE72}.Release|Any CPU.ActiveCfg = Release|Any CPU
		{F1899FE1-F62D-44BF-82D0-4DA9E95AEE72}.Release|Any CPU.Build.0 = Release|Any CPU
		{8AA81304-C1CD-4659-9590-C8AFCABE0FE5}.Debug|Any CPU.ActiveCfg = Debug|Any CPU
		{8AA81304-C1CD-4659-9590-C8AFCABE0FE5}.Debug|Any CPU.Build.0 = Debug|Any CPU
		{8AA81304-C1CD-4659-9590-C8AFCABE0FE5}.Release|Any CPU.ActiveCfg = Release|Any CPU
		{8AA81304-C1CD-4659-9590-C8AFCABE0FE5}.Release|Any CPU.Build.0 = Release|Any CPU
		{345B047B-9488-426B-8299-8EAF9935D436}.Debug|Any CPU.ActiveCfg = Debug|Any CPU
		{345B047B-9488-426B-8299-8EAF9935D436}.Debug|Any CPU.Build.0 = Debug|Any CPU
		{345B047B-9488-426B-8299-8EAF9935D436}.Release|Any CPU.ActiveCfg = Release|Any CPU
		{345B047B-9488-426B-8299-8EAF9935D436}.Release|Any CPU.Build.0 = Release|Any CPU
		{3318B61E-6BD3-440A-A0FF-14ED9B69FD53}.Debug|Any CPU.ActiveCfg = Debug|Any CPU
		{3318B61E-6BD3-440A-A0FF-14ED9B69FD53}.Debug|Any CPU.Build.0 = Debug|Any CPU
		{3318B61E-6BD3-440A-A0FF-14ED9B69FD53}.Release|Any CPU.ActiveCfg = Release|Any CPU
		{3318B61E-6BD3-440A-A0FF-14ED9B69FD53}.Release|Any CPU.Build.0 = Release|Any CPU
		{0AF68A0F-2B3C-4FC5-89D8-94F4807C55E1}.Debug|Any CPU.ActiveCfg = Debug|Any CPU
		{0AF68A0F-2B3C-4FC5-89D8-94F4807C55E1}.Debug|Any CPU.Build.0 = Debug|Any CPU
		{0AF68A0F-2B3C-4FC5-89D8-94F4807C55E1}.Release|Any CPU.ActiveCfg = Release|Any CPU
		{0AF68A0F-2B3C-4FC5-89D8-94F4807C55E1}.Release|Any CPU.Build.0 = Release|Any CPU
	EndGlobalSection
	GlobalSection(SolutionProperties) = preSolution
		HideSolutionNode = FALSE
	EndGlobalSection
	GlobalSection(ExtensibilityGlobals) = postSolution
		SolutionGuid = {E3D6C023-2370-4545-BB2E-164DB3706446}
	EndGlobalSection
EndGlobal
